# This file is autogenerated, do not edit; changes may be undone by the next 'dep ensure'.


[[projects]]
  digest = "1:3db74f0cf75d9759d2bdfb6cb55f7d7d372c01f847c5e1ab2fe03773dc2bf024"
  name = "github.com/dgryski/go-jump"
  packages = ["."]
  pruneopts = "NUT"
  revision = "e1f439676b570800a863c37b78d1f868f51a85fc"

[[projects]]
  branch = "master"
  digest = "1:441eb37ed43d9bbb0016a616d03ec2e9e5b98374fdd607111656b231ea9eb383"
  name = "github.com/replay/go-generic-object-store"
  packages = ["."]
  pruneopts = "NUT"
  revision = "8c52832c468de58c14cd3ac4223188ac523a569e"

[[projects]]
  branch = "master"
  digest = "1:a62c8b826167e33e30b613271688b7ce0bd63e500040cb3b710ce845b2f64da4"
  name = "github.com/tmthrgd/shoco"
  packages = ["."]
  pruneopts = "NUT"
  revision = "755432b7e6ae87377510ac76a8d6188279866563"

[[projects]]
  digest = "1:0f4299df39f2e222cdd1b802126a7ae9cadcb4f11f65d657adb48a4e07c9bfb7"
  name = "github.com/willf/bitset"
  packages = ["."]
  pruneopts = "NUT"
  revision = "3fb80c4041d4fce1c027ff1c416cca3e0dccd97e"

[solve-meta]
  analyzer-name = "dep"
  analyzer-version = 1
  input-imports = [
    "github.com/replay/go-generic-object-store",
    "github.com/tmthrgd/shoco",
  ]
  solver-name = "gps-cdcl"
  solver-version = 1
