# This file is autogenerated, do not edit; changes may be undone by the next 'dep ensure'.


[[projects]]
  digest = "1:3db74f0cf75d9759d2bdfb6cb55f7d7d372c01f847c5e1ab2fe03773dc2bf024"
  name = "github.com/dgryski/go-jump"
  packages = ["."]
  pruneopts = "NUT"
  revision = "e1f439676b570800a863c37b78d1f868f51a85fc"

[[projects]]
  branch = "master"
  digest = "1:373404bee28e1c51d6c07def622c9c0d080d649ee06fc123df11e93f40d37dca"
  name = "github.com/replay/go-generic-object-store"
  packages = ["."]
  pruneopts = "NUT"
  revision = "eea77cc9090e8a9bb816f7f0cf08494fc9ce3092"

[[projects]]
  branch = "master"
  digest = "1:a62c8b826167e33e30b613271688b7ce0bd63e500040cb3b710ce845b2f64da4"
  name = "github.com/tmthrgd/shoco"
  packages = ["."]
  pruneopts = "NUT"
  revision = "9d48cea723d956736cddbeb2b82d3f8c19f1cb73"

[[projects]]
  digest = "1:0f4299df39f2e222cdd1b802126a7ae9cadcb4f11f65d657adb48a4e07c9bfb7"
  name = "github.com/willf/bitset"
  packages = ["."]
  pruneopts = "NUT"
  revision = "3fb80c4041d4fce1c027ff1c416cca3e0dccd97e"

[solve-meta]
  analyzer-name = "dep"
  analyzer-version = 1
  input-imports = [
    "github.com/replay/go-generic-object-store",
    "github.com/tmthrgd/shoco",
  ]
  solver-name = "gps-cdcl"
  solver-version = 1
